// !$*UTF8*$!
{
	archiveVersion = 1;
	classes = {
	};
	objectVersion = 50;
	objects = {

/* Begin PBXBuildFile section */
		85FB9C59250D0BD5004A6E34 /* AppDelegate.swift in Sources */ = {isa = PBXBuildFile; fileRef = 85FB9C58250D0BD5004A6E34 /* AppDelegate.swift */; };
		85FB9C5B250D0BD5004A6E34 /* SceneDelegate.swift in Sources */ = {isa = PBXBuildFile; fileRef = 85FB9C5A250D0BD5004A6E34 /* SceneDelegate.swift */; };
		85FB9C5D250D0BD5004A6E34 /* ViewController.swift in Sources */ = {isa = PBXBuildFile; fileRef = 85FB9C5C250D0BD5004A6E34 /* ViewController.swift */; };
		85FB9C60250D0BD5004A6E34 /* Main.storyboard in Resources */ = {isa = PBXBuildFile; fileRef = 85FB9C5E250D0BD5004A6E34 /* Main.storyboard */; };
		85FB9C62250D0BD8004A6E34 /* Assets.xcassets in Resources */ = {isa = PBXBuildFile; fileRef = 85FB9C61250D0BD8004A6E34 /* Assets.xcassets */; };
		85FB9C65250D0BD8004A6E34 /* LaunchScreen.storyboard in Resources */ = {isa = PBXBuildFile; fileRef = 85FB9C63250D0BD8004A6E34 /* LaunchScreen.storyboard */; };
/* End PBXBuildFile section */

/* Begin PBXFileReference section */
		85FB9C55250D0BD5004A6E34 /* UberCloneApp.app */ = {isa = PBXFileReference; explicitFileType = wrapper.application; includeInIndex = 0; path = UberCloneApp.app; sourceTree = BUILT_PRODUCTS_DIR; };
		85FB9C58250D0BD5004A6E34 /* AppDelegate.swift */ = {isa = PBXFileReference; lastKnownFileType = sourcecode.swift; path = AppDelegate.swift; sourceTree = "<group>"; };
		85FB9C5A250D0BD5004A6E34 /* SceneDelegate.swift */ = {isa = PBXFileReference; lastKnownFileType = sourcecode.swift; path = SceneDelegate.swift; sourceTree = "<group>"; };
		85FB9C5C250D0BD5004A6E34 /* ViewController.swift */ = {isa = PBXFileReference; lastKnownFileType = sourcecode.swift; path = ViewController.swift; sourceTree = "<group>"; };
		85FB9C5F250D0BD5004A6E34 /* Base */ = {isa = PBXFileReference; lastKnownFileType = file.storyboard; name = Base; path = Base.lproj/Main.storyboard; sourceTree = "<group>"; };
		85FB9C61250D0BD8004A6E34 /* Assets.xcassets */ = {isa = PBXFileReference; lastKnownFileType = folder.assetcatalog; path = Assets.xcassets; sourceTree = "<group>"; };
		85FB9C64250D0BD8004A6E34 /* Base */ = {isa = PBXFileReference; lastKnownFileType = file.storyboard; name = Base; path = Base.lproj/LaunchScreen.storyboard; sourceTree = "<group>"; };
		85FB9C66250D0BD8004A6E34 /* Info.plist */ = {isa = PBXFileReference; lastKnownFileType = text.plist.xml; path = Info.plist; sourceTree = "<group>"; };
/* End PBXFileReference section */

/* Begin PBXFrameworksBuildPhase section */
		85FB9C52250D0BD4004A6E34 /* Frameworks */ = {
			isa = PBXFrameworksBuildPhase;
			buildActionMask = 2147483647;
			files = (
			);
			runOnlyForDeploymentPostprocessing = 0;
		};
/* End PBXFrameworksBuildPhase section */

/* Begin PBXGroup section */
		85FB9C4C250D0BD4004A6E34 = {
			isa = PBXGroup;
			children = (
				85FB9C57250D0BD5004A6E34 /* UberCloneApp */,
				85FB9C56250D0BD5004A6E34 /* Products */,
			);
			sourceTree = "<group>";
		};
		85FB9C56250D0BD5004A6E34 /* Products */ = {
			isa = PBXGroup;
			children = (
				85FB9C55250D0BD5004A6E34 /* UberCloneApp.app */,
			);
			name = Products;
			sourceTree = "<group>";
		};
		85FB9C57250D0BD5004A6E34 /* UberCloneApp */ = {
			isa = PBXGroup;
			children = (
				85FB9C70250D0C05004A6E34 /* Model */,
				85FB9C6F250D0C03004A6E34 /* View */,
				85FB9C6E250D0C02004A6E34 /* Controller */,
				85FB9C6D250D0C01004A6E34 /* Service */,
				85FB9C6C250D0BFF004A6E34 /* Utils */,
				85FB9C58250D0BD5004A6E34 /* AppDelegate.swift */,
				85FB9C5A250D0BD5004A6E34 /* SceneDelegate.swift */,
				85FB9C5C250D0BD5004A6E34 /* ViewController.swift */,
				85FB9C5E250D0BD5004A6E34 /* Main.storyboard */,
				85FB9C61250D0BD8004A6E34 /* Assets.xcassets */,
				85FB9C63250D0BD8004A6E34 /* LaunchScreen.storyboard */,
				85FB9C66250D0BD8004A6E34 /* Info.plist */,
			);
			path = UberCloneApp;
			sourceTree = "<group>";
		};
		85FB9C6C250D0BFF004A6E34 /* Utils */ = {
			isa = PBXGroup;
			children = (
			);
			path = Utils;
			sourceTree = "<group>";
		};
		85FB9C6D250D0C01004A6E34 /* Service */ = {
			isa = PBXGroup;
			children = (
			);
			path = Service;
			sourceTree = "<group>";
		};
		85FB9C6E250D0C02004A6E34 /* Controller */ = {
			isa = PBXGroup;
			children = (
			);
			path = Controller;
			sourceTree = "<group>";
		};
		85FB9C6F250D0C03004A6E34 /* View */ = {
			isa = PBXGroup;
			children = (
			);
			path = View;
			sourceTree = "<group>";
		};
		85FB9C70250D0C05004A6E34 /* Model */ = {
			isa = PBXGroup;
			children = (
			);
			path = Model;
			sourceTree = "<group>";
		};
/* End PBXGroup section */

/* Begin PBXNativeTarget section */
		85FB9C54250D0BD4004A6E34 /* UberCloneApp */ = {
			isa = PBXNativeTarget;
			buildConfigurationList = 85FB9C69250D0BD8004A6E34 /* Build configuration list for PBXNativeTarget "UberCloneApp" */;
			buildPhases = (
				85FB9C51250D0BD4004A6E34 /* Sources */,
				85FB9C52250D0BD4004A6E34 /* Frameworks */,
				85FB9C53250D0BD4004A6E34 /* Resources */,
			);
			buildRules = (
			);
			dependencies = (
			);
			name = UberCloneApp;
			productName = UberCloneApp;
			productReference = 85FB9C55250D0BD5004A6E34 /* UberCloneApp.app */;
			productType = "com.apple.product-type.application";
		};
/* End PBXNativeTarget section */

/* Begin PBXProject section */
		85FB9C4D250D0BD4004A6E34 /* Project object */ = {
			isa = PBXProject;
			attributes = {
				LastSwiftUpdateCheck = 1160;
				LastUpgradeCheck = 1160;
				ORGANIZATIONNAME = "ISSEY MIYAMOTO";
				TargetAttributes = {
					85FB9C54250D0BD4004A6E34 = {
						CreatedOnToolsVersion = 11.6;
					};
				};
			};
			buildConfigurationList = 85FB9C50250D0BD4004A6E34 /* Build configuration list for PBXProject "UberCloneApp" */;
			compatibilityVersion = "Xcode 9.3";
			developmentRegion = en;
			hasScannedForEncodings = 0;
			knownRegions = (
				en,
				Base,
			);
			mainGroup = 85FB9C4C250D0BD4004A6E34;
			productRefGroup = 85FB9C56250D0BD5004A6E34 /* Products */;
			projectDirPath = "";
			projectRoot = "";
			targets = (
				85FB9C54250D0BD4004A6E34 /* UberCloneApp */,
			);
		};
/* End PBXProject section */

/* Begin PBXResourcesBuildPhase section */
		85FB9C53250D0BD4004A6E34 /* Resources */ = {
			isa = PBXResourcesBuildPhase;
			buildActionMask = 2147483647;
			files = (
				85FB9C65250D0BD8004A6E34 /* LaunchScreen.storyboard in Resources */,
				85FB9C62250D0BD8004A6E34 /* Assets.xcassets in Resources */,
				85FB9C60250D0BD5004A6E34 /* Main.storyboard in Resources */,
			);
			runOnlyForDeploymentPostprocessing = 0;
		};
/* End PBXResourcesBuildPhase section */

/* Begin PBXSourcesBuildPhase section */
		85FB9C51250D0BD4004A6E34 /* Sources */ = {
			isa = PBXSourcesBuildPhase;
			buildActionMask = 2147483647;
			files = (
				85FB9C5D250D0BD5004A6E34 /* ViewController.swift in Sources */,
				85FB9C59250D0BD5004A6E34 /* AppDelegate.swift in Sources */,
				85FB9C5B250D0BD5004A6E34 /* SceneDelegate.swift in Sources */,
			);
			runOnlyForDeploymentPostprocessing = 0;
		};
/* End PBXSourcesBuildPhase section */

/* Begin PBXVariantGroup section */
		85FB9C5E250D0BD5004A6E34 /* Main.storyboard */ = {
			isa = PBXVariantGroup;
			children = (
				85FB9C5F250D0BD5004A6E34 /* Base */,
			);
			name = Main.storyboard;
			sourceTree = "<group>";
		};
		85FB9C63250D0BD8004A6E34 /* LaunchScreen.storyboard */ = {
			isa = PBXVariantGroup;
			children = (
				85FB9C64250D0BD8004A6E34 /* Base */,
			);
			name = LaunchScreen.storyboard;
			sourceTree = "<group>";
		};
/* End PBXVariantGroup section */

/* Begin XCBuildConfiguration section */
		85FB9C67250D0BD8004A6E34 /* Debug */ = {
			isa = XCBuildConfiguration;
			buildSettings = {
				ALWAYS_SEARCH_USER_PATHS = NO;
				CLANG_ANALYZER_NONNULL = YES;
				CLANG_ANALYZER_NUMBER_OBJECT_CONVERSION = YES_AGGRESSIVE;
				CLANG_CXX_LANGUAGE_STANDARD = "gnu++14";
				CLANG_CXX_LIBRARY = "libc++";
				CLANG_ENABLE_MODULES = YES;
				CLANG_ENABLE_OBJC_ARC = YES;
				CLANG_ENABLE_OBJC_WEAK = YES;
				CLANG_WARN_BLOCK_CAPTURE_AUTORELEASING = YES;
				CLANG_WARN_BOOL_CONVERSION = YES;
				CLANG_WARN_COMMA = YES;
				CLANG_WARN_CONSTANT_CONVERSION = YES;
				CLANG_WARN_DEPRECATED_OBJC_IMPLEMENTATIONS = YES;
				CLANG_WARN_DIRECT_OBJC_ISA_USAGE = YES_ERROR;
				CLANG_WARN_DOCUMENTATION_COMMENTS = YES;
				CLANG_WARN_EMPTY_BODY = YES;
				CLANG_WARN_ENUM_CONVERSION = YES;
				CLANG_WARN_INFINITE_RECURSION = YES;
				CLANG_WARN_INT_CONVERSION = YES;
				CLANG_WARN_NON_LITERAL_NULL_CONVERSION = YES;
				CLANG_WARN_OBJC_IMPLICIT_RETAIN_SELF = YES;
				CLANG_WARN_OBJC_LITERAL_CONVERSION = YES;
				CLANG_WARN_OBJC_ROOT_CLASS = YES_ERROR;
				CLANG_WARN_RANGE_LOOP_ANALYSIS = YES;
				CLANG_WARN_STRICT_PROTOTYPES = YES;
				CLANG_WARN_SUSPICIOUS_MOVE = YES;
				CLANG_WARN_UNGUARDED_AVAILABILITY = YES_AGGRESSIVE;
				CLANG_WARN_UNREACHABLE_CODE = YES;
				CLANG_WARN__DUPLICATE_METHOD_MATCH = YES;
				COPY_PHASE_STRIP = NO;
				DEBUG_INFORMATION_FORMAT = dwarf;
				ENABLE_STRICT_OBJC_MSGSEND = YES;
				ENABLE_TESTABILITY = YES;
				GCC_C_LANGUAGE_STANDARD = gnu11;
				GCC_DYNAMIC_NO_PIC = NO;
				GCC_NO_COMMON_BLOCKS = YES;
				GCC_OPTIMIZATION_LEVEL = 0;
				GCC_PREPROCESSOR_DEFINITIONS = (
					"DEBUG=1",
					"$(inherited)",
				);
				GCC_WARN_64_TO_32_BIT_CONVERSION = YES;
				GCC_WARN_ABOUT_RETURN_TYPE = YES_ERROR;
				GCC_WARN_UNDECLARED_SELECTOR = YES;
				GCC_WARN_UNINITIALIZED_AUTOS = YES_AGGRESSIVE;
				GCC_WARN_UNUSED_FUNCTION = YES;
				GCC_WARN_UNUSED_VARIABLE = YES;
				IPHONEOS_DEPLOYMENT_TARGET = 13.6;
				MTL_ENABLE_DEBUG_INFO = INCLUDE_SOURCE;
				MTL_FAST_MATH = YES;
				ONLY_ACTIVE_ARCH = YES;
				SDKROOT = iphoneos;
				SWIFT_ACTIVE_COMPILATION_CONDITIONS = DEBUG;
				SWIFT_OPTIMIZATION_LEVEL = "-Onone";
			};
			name = Debug;
		};
		85FB9C68250D0BD8004A6E34 /* Release */ = {
			isa = XCBuildConfiguration;
			buildSettings = {
				ALWAYS_SEARCH_USER_PATHS = NO;
				CLANG_ANALYZER_NONNULL = YES;
				CLANG_ANALYZER_NUMBER_OBJECT_CONVERSION = YES_AGGRESSIVE;
				CLANG_CXX_LANGUAGE_STANDARD = "gnu++14";
				CLANG_CXX_LIBRARY = "libc++";
				CLANG_ENABLE_MODULES = YES;
				CLANG_ENABLE_OBJC_ARC = YES;
				CLANG_ENABLE_OBJC_WEAK = YES;
				CLANG_WARN_BLOCK_CAPTURE_AUTORELEASING = YES;
				CLANG_WARN_BOOL_CONVERSION = YES;
				CLANG_WARN_COMMA = YES;
				CLANG_WARN_CONSTANT_CONVERSION = YES;
				CLANG_WARN_DEPRECATED_OBJC_IMPLEMENTATIONS = YES;
				CLANG_WARN_DIRECT_OBJC_ISA_USAGE = YES_ERROR;
				CLANG_WARN_DOCUMENTATION_COMMENTS = YES;
				CLANG_WARN_EMPTY_BODY = YES;
				CLANG_WARN_ENUM_CONVERSION = YES;
				CLANG_WARN_INFINITE_RECURSION = YES;
				CLANG_WARN_INT_CONVERSION = YES;
				CLANG_WARN_NON_LITERAL_NULL_CONVERSION = YES;
				CLANG_WARN_OBJC_IMPLICIT_RETAIN_SELF = YES;
				CLANG_WARN_OBJC_LITERAL_CONVERSION = YES;
				CLANG_WARN_OBJC_ROOT_CLASS = YES_ERROR;
				CLANG_WARN_RANGE_LOOP_ANALYSIS = YES;
				CLANG_WARN_STRICT_PROTOTYPES = YES;
				CLANG_WARN_SUSPICIOUS_MOVE = YES;
				CLANG_WARN_UNGUARDED_AVAILABILITY = YES_AGGRESSIVE;
				CLANG_WARN_UNREACHABLE_CODE = YES;
				CLANG_WARN__DUPLICATE_METHOD_MATCH = YES;
				COPY_PHASE_STRIP = NO;
				DEBUG_INFORMATION_FORMAT = "dwarf-with-dsym";
				ENABLE_NS_ASSERTIONS = NO;
				ENABLE_STRICT_OBJC_MSGSEND = YES;
				GCC_C_LANGUAGE_STANDARD = gnu11;
				GCC_NO_COMMON_BLOCKS = YES;
				GCC_WARN_64_TO_32_BIT_CONVERSION = YES;
				GCC_WARN_ABOUT_RETURN_TYPE = YES_ERROR;
				GCC_WARN_UNDECLARED_SELECTOR = YES;
				GCC_WARN_UNINITIALIZED_AUTOS = YES_AGGRESSIVE;
				GCC_WARN_UNUSED_FUNCTION = YES;
				GCC_WARN_UNUSED_VARIABLE = YES;
				IPHONEOS_DEPLOYMENT_TARGET = 13.6;
				MTL_ENABLE_DEBUG_INFO = NO;
				MTL_FAST_MATH = YES;
				SDKROOT = iphoneos;
				SWIFT_COMPILATION_MODE = wholemodule;
				SWIFT_OPTIMIZATION_LEVEL = "-O";
				VALIDATE_PRODUCT = YES;
			};
			name = Release;
		};
		85FB9C6A250D0BD8004A6E34 /* Debug */ = {
			isa = XCBuildConfiguration;
			buildSettings = {
				ASSETCATALOG_COMPILER_APPICON_NAME = AppIcon;
				CODE_SIGN_STYLE = Automatic;
				DEVELOPMENT_TEAM = HN3QP72JH2;
				INFOPLIST_FILE = UberCloneApp/Info.plist;
				LD_RUNPATH_SEARCH_PATHS = (
					"$(inherited)",
					"@executable_path/Frameworks",
				);
				PRODUCT_BUNDLE_IDENTIFIER = com.issey.UberCloneApp;
				PRODUCT_NAME = "$(TARGET_NAME)";
				SWIFT_VERSION = 5.0;
				TARGETED_DEVICE_FAMILY = "1,2";
			};
			name = Debug;
		};
		85FB9C6B250D0BD8004A6E34 /* Release */ = {
			isa = XCBuildConfiguration;
			buildSettings = {
				ASSETCATALOG_COMPILER_APPICON_NAME = AppIcon;
				CODE_SIGN_STYLE = Automatic;
				DEVELOPMENT_TEAM = HN3QP72JH2;
				INFOPLIST_FILE = UberCloneApp/Info.plist;
				LD_RUNPATH_SEARCH_PATHS = (
					"$(inherited)",
					"@executable_path/Frameworks",
				);
				PRODUCT_BUNDLE_IDENTIFIER = com.issey.UberCloneApp;
				PRODUCT_NAME = "$(TARGET_NAME)";
				SWIFT_VERSION = 5.0;
				TARGETED_DEVICE_FAMILY = "1,2";
			};
			name = Release;
		};
/* End XCBuildConfiguration section */

/* Begin XCConfigurationList section */
		85FB9C50250D0BD4004A6E34 /* Build configuration list for PBXProject "UberCloneApp" */ = {
			isa = XCConfigurationList;
			buildConfigurations = (
				85FB9C67250D0BD8004A6E34 /* Debug */,
				85FB9C68250D0BD8004A6E34 /* Release */,
			);
			defaultConfigurationIsVisible = 0;
			defaultConfigurationName = Release;
		};
		85FB9C69250D0BD8004A6E34 /* Build configuration list for PBXNativeTarget "UberCloneApp" */ = {
			isa = XCConfigurationList;
			buildConfigurations = (
				85FB9C6A250D0BD8004A6E34 /* Debug */,
				85FB9C6B250D0BD8004A6E34 /* Release */,
			);
			defaultConfigurationIsVisible = 0;
			defaultConfigurationName = Release;
		};
/* End XCConfigurationList section */
	};
	rootObject = 85FB9C4D250D0BD4004A6E34 /* Project object */;
}
